github.com/clente/hugo-bearcub v0.0.0-20230425190722-f26d122b2ad0 h1:voCbfSmQ+zbSwKcUfYuQA89BCHGzpduS+SrWuAGLiK4=
github.com/clente/hugo-bearcub v0.0.0-20230425190722-f26d122b2ad0/go.mod h1:apcY0kKQY+CnkwsWuHiEfSrBusQgEsfAp9g065sNLFg=
github.com/kaiiiz/hugo-theme-monochrome v1.0.1 h1:Bzx+rghZ6sJaUWdCQt+cQb5JMj88u+2x7zdSipXw/2s=
github.com/kaiiiz/hugo-theme-monochrome v1.0.1/go.mod h1:la906j3s0e3SFjWmXPM84sX8b/WU1wejqR6XaGmBO2I=
github.com/leemeichin/hugo-theme-monochrome v0.0.0-20230605213915-30f16b2b3b44 h1:YbWrxNyBReyEJy6A692GZj5OsjkbKpLl9isGkXDi/AI=
github.com/leemeichin/hugo-theme-monochrome v0.0.0-20230605213915-30f16b2b3b44/go.mod h1:I3HZEhWBUs4Rl+ep0tvLfx+iEAbT9SxAjpABuWhpYpg=
