# This file was autogenerated by Stack.
# You should not edit this file by hand.
# For more information, please see the documentation at:
#   https://docs.haskellstack.org/en/stable/lock_files

packages:
- completed:
    hackage: hakyll-4.13.0.1@sha256:0f27d74feaedc96648ec5377ecec2b35dd677516c9667d179462a350f2075628,8817
    pantry-tree:
      size: 7841
      sha256: 4a4409d287ee3daabb0141e3ebd3d2e88ead7382ba5cc582733907b4a938c4a8
  original:
    hackage: hakyll-4.13.0.1
- completed:
    hackage: file-embed-0.0.11.2@sha256:544b15a7de92f1e81e38ae5c3ea3ddc537a3ee9ce89cc3555ef0af420ea57d70,1327
    pantry-tree:
      size: 477
      sha256: b6297f2e5f1d002ba23be2cf3a0984cc40c120c4defb8c031c7ec311651a9e0d
  original:
    hackage: file-embed-0.0.11.2@sha256:544b15a7de92f1e81e38ae5c3ea3ddc537a3ee9ce89cc3555ef0af420ea57d70,1327
- completed:
    hackage: optparse-applicative-0.14.3.0@sha256:37d7ff26d8cddf7f2b58e9ed60c1550f3d94b32bc449e3c038be074f256e08a8,4376
    pantry-tree:
      size: 2643
      sha256: c23d41e112198ffb15c57101c90feb3e7dbf2771e48610e3c30fb367f92eaaeb
  original:
    hackage: optparse-applicative-0.14.3.0@sha256:37d7ff26d8cddf7f2b58e9ed60c1550f3d94b32bc449e3c038be074f256e08a8,4376
- completed:
    hackage: pandoc-2.7.3@sha256:28666319079ea91668c6a27efd670aa6df1453cbf17b55d17428b5dac4d19188,33341
    pantry-tree:
      size: 79947
      sha256: 489c70dd4bdeb6daebd00626663f918fb9d9ef14d0e1114e1bd96518a6d4c456
  original:
    hackage: pandoc-2.7.3@sha256:28666319079ea91668c6a27efd670aa6df1453cbf17b55d17428b5dac4d19188,33341
- completed:
    hackage: regex-tdfa-1.2.3.2@sha256:b154ece2c3a2efe088fb7d3ff76ca9607127b58795755b79f3a6f9376f95e50f,3850
    pantry-tree:
      size: 1745
      sha256: 4759fcd89a97707592f51529e5acea9f9da620e2344dfcf799277995f0ecfaed
  original:
    hackage: regex-tdfa-1.2.3.2@sha256:b154ece2c3a2efe088fb7d3ff76ca9607127b58795755b79f3a6f9376f95e50f,3850
- completed:
    hackage: template-haskell-2.14.0.0@sha256:e3747ae9e2aeec160196706dd470b5fc4175678ec4136bcec9124534f67d83bc,1724
    pantry-tree:
      size: 850
      sha256: f9b83407460047e23f730ac0d492ae80f86667a5ba15d3294e61d2aa147ec3d4
  original:
    hackage: template-haskell-2.14.0.0@sha256:e3747ae9e2aeec160196706dd470b5fc4175678ec4136bcec9124534f67d83bc,1724
- completed:
    hackage: warp-3.2.28@sha256:b32fb8fed7ace4bd206fd897c388c00cdb915ec7e34ee61dc6397d518d9e651c,11186
    pantry-tree:
      size: 4227
      sha256: a08eab2f15d6be431d00cd31a8b87a7e5ce87f203aad06916f9af0c673ec8a7d
  original:
    hackage: warp-3.2.28@sha256:b32fb8fed7ace4bd206fd897c388c00cdb915ec7e34ee61dc6397d518d9e651c,11186
- completed:
    hackage: http2-1.6.5@sha256:f1743ba4a267f525106c218894e4bd2acf28fa047a9ba660b4a317a97382a877,13999
    pantry-tree:
      size: 43676
      sha256: 7c5c74e748187ae08baafab4af661147dcc128f1464305de68a06c3f0949cb91
  original:
    hackage: http2-1.6.5@sha256:f1743ba4a267f525106c218894e4bd2acf28fa047a9ba660b4a317a97382a877,13999
snapshots:
- completed:
    size: 524789
    url: https://raw.githubusercontent.com/commercialhaskell/stackage-snapshots/master/lts/14/18.yaml
    sha256: 646be71223e08234131c6989912e6011e01b9767bc447b6d466a35e14360bdf2
  original: lts-14.18
